
Microsoft Visual Studio Solution File, Format Version 12.00
# Visual Studio 15
VisualStudioVersion = 15.0.28307.1062
MinimumVisualStudioVersion = 10.0.40219.1
Project("{FAE04EC0-301F-11D3-BF4B-00C04F79EFBC}") = "WinFormBankomat_N_19", "WinFormBankomat_N_19\WinFormBankomat_N_19.csproj", "{716442A6-8DCE-4667-BDD6-B4199C35A240}"
EndProject
Global
	GlobalSection(SolutionConfigurationPlatforms) = preSolution
		Debug|Any CPU = Debug|Any CPU
		Release|Any CPU = Release|Any CPU
	EndGlobalSection
	GlobalSection(ProjectConfigurationPlatforms) = postSolution
		{716442A6-8DCE-4667-BDD6-B4199C35A240}.Debug|Any CPU.ActiveCfg = Debug|Any CPU
		{716442A6-8DCE-4667-BDD6-B4199C35A240}.Debug|Any CPU.Build.0 = Debug|Any CPU
		{716442A6-8DCE-4667-BDD6-B4199C35A240}.Release|Any CPU.ActiveCfg = Release|Any CPU
		{716442A6-8DCE-4667-BDD6-B4199C35A240}.Release|Any CPU.Build.0 = Release|Any CPU
	EndGlobalSection
	GlobalSection(SolutionProperties) = preSolution
		HideSolutionNode = FALSE
	EndGlobalSection
	GlobalSection(ExtensibilityGlobals) = postSolution
		SolutionGuid = {1A8254A5-69C2-4395-8C7F-4D62BBA8204E}
	EndGlobalSection
EndGlobal
